
Microsoft Visual Studio Solution File, Format Version 12.00
# Visual Studio Version 16
VisualStudioVersion = 16.0.30523.141
MinimumVisualStudioVersion = 10.0.40219.1
Project("{FAE04EC0-301F-11D3-BF4B-00C04F79EFBC}") = "WorldEdit 2.0", "WorldEdit 2.0\WorldEdit 2.0.csproj", "{D2782278-CFBB-4D4C-92D1-1690C0125A8E}"
EndProject
Project("{FAE04EC0-301F-11D3-BF4B-00C04F79EFBC}") = "TestApi", "test\TestApi.csproj", "{CDE35FAF-E31D-48FB-8F3D-0FE4BF24CBE4}"
EndProject
Project("{FAE04EC0-301F-11D3-BF4B-00C04F79EFBC}") = "WorldEdit_RimCity", "WorldEdit_RimCity\WorldEdit_RimCity.csproj", "{7BEF2A7F-12C0-4C53-84A3-9FAC2CA462E6}"
EndProject
Global
	GlobalSection(SolutionConfigurationPlatforms) = preSolution
		Debug|Any CPU = Debug|Any CPU
		Release|Any CPU = Release|Any CPU
	EndGlobalSection
	GlobalSection(ProjectConfigurationPlatforms) = postSolution
		{D2782278-CFBB-4D4C-92D1-1690C0125A8E}.Debug|Any CPU.ActiveCfg = Debug|Any CPU
		{D2782278-CFBB-4D4C-92D1-1690C0125A8E}.Debug|Any CPU.Build.0 = Debug|Any CPU
		{D2782278-CFBB-4D4C-92D1-1690C0125A8E}.Release|Any CPU.ActiveCfg = Release|Any CPU
		{D2782278-CFBB-4D4C-92D1-1690C0125A8E}.Release|Any CPU.Build.0 = Release|Any CPU
		{CDE35FAF-E31D-48FB-8F3D-0FE4BF24CBE4}.Debug|Any CPU.ActiveCfg = Debug|Any CPU
		{CDE35FAF-E31D-48FB-8F3D-0FE4BF24CBE4}.Debug|Any CPU.Build.0 = Debug|Any CPU
		{CDE35FAF-E31D-48FB-8F3D-0FE4BF24CBE4}.Release|Any CPU.ActiveCfg = Release|Any CPU
		{CDE35FAF-E31D-48FB-8F3D-0FE4BF24CBE4}.Release|Any CPU.Build.0 = Release|Any CPU
		{7BEF2A7F-12C0-4C53-84A3-9FAC2CA462E6}.Debug|Any CPU.ActiveCfg = Debug|Any CPU
		{7BEF2A7F-12C0-4C53-84A3-9FAC2CA462E6}.Debug|Any CPU.Build.0 = Debug|Any CPU
		{7BEF2A7F-12C0-4C53-84A3-9FAC2CA462E6}.Release|Any CPU.ActiveCfg = Release|Any CPU
		{7BEF2A7F-12C0-4C53-84A3-9FAC2CA462E6}.Release|Any CPU.Build.0 = Release|Any CPU
	EndGlobalSection
	GlobalSection(SolutionProperties) = preSolution
		HideSolutionNode = FALSE
	EndGlobalSection
	GlobalSection(ExtensibilityGlobals) = postSolution
		SolutionGuid = {007C800F-33E0-486F-AC3C-EA2200C01143}
	EndGlobalSection
EndGlobal
